{
  "name": "@threeceelabs/admin",
  "version": "1.0.0",
  "lockfileVersion": 1,
  "requires": true,
  "dependencies": {
    "editions": {
      "version": "1.3.4",
      "resolved": "https://registry.npmjs.org/editions/-/editions-1.3.4.tgz",
      "integrity": "sha512-gzao+mxnYDzIysXKMQi/+M1mjy/rjestjg6OPoYTtI+3Izp23oiGZitsl9lPDPiTGXbcSIk1iJWhliSaglxnUg=="
    },
    "hashmap": {
      "version": "2.3.0",
      "resolved": "https://registry.npmjs.org/hashmap/-/hashmap-2.3.0.tgz",
      "integrity": "sha1-sT+2XafIul49uPwbjFuh0ASdryI="
    },
    "progress": {
      "version": "2.0.0",
      "resolved": "https://registry.npmjs.org/progress/-/progress-2.0.0.tgz",
      "integrity": "sha1-ihvjZr+Pwj2yvSPxDG/pILQ4nR8="
    },
    "progressbar": {
      "version": "1.3.0",
      "resolved": "https://registry.npmjs.org/progressbar/-/progressbar-1.3.0.tgz",
      "integrity": "sha512-lOncE1DwVI/ioINInGrR0hsFG8I82H9RzMY1bghVAhoU3f+S/JurtfFLpNoEZTnjQ5FS9ZpHSoeZlxig8uyJtw==",
      "requires": {
        "editions": "^1.3.3",
        "progress": "2.0.0"
      }
    }
  }
}
